<?xml version="1.0" encoding="utf-8"?>
<Project ToolsVersion="4.0" xmlns="http://schemas.microsoft.com/developer/msbuild/2003">
  <ItemGroup>
    <Filter Include="Source Files">
      <UniqueIdentifier>{4FC737F1-C7A5-4376-A066-2A32D752A2FF}</UniqueIdentifier>
      <Extensions>cpp;c;cc;cxx;c++;cppm;ixx;def;odl;idl;hpj;bat;asm;asmx</Extensions>
    </Filter>
    <Filter Include="Header Files">
      <UniqueIdentifier>{93995380-89BD-4b04-88EB-625FBE52EBFB}</UniqueIdentifier>
      <Extensions>h;hh;hpp;hxx;h++;hm;inl;inc;ipp;xsd</Extensions>
    </Filter>
    <Filter Include="Resource Files">
      <UniqueIdentifier>{67DA6AB6-F800-4c08-8B7A-83BB121AAD01}</UniqueIdentifier>
      <Extensions>rc;ico;cur;bmp;dlg;rc2;rct;bin;rgs;gif;jpg;jpeg;jpe;resx;tiff;tif;png;wav;mfcribbon-ms</Extensions>
    </Filter>
    <Filter Include="Resource Files\shaders">
      <UniqueIdentifier>{a1693ca5-58e3-411a-a9ea-fcb73b3a06ed}</UniqueIdentifier>
    </Filter>
    <Filter Include="Resource Files\textures">
      <UniqueIdentifier>{577da06d-b9c8-4e7b-a51f-a59bead2ce38}</UniqueIdentifier>
    </Filter>
    <Filter Include="Header Files\input">
      <UniqueIdentifier>{6ff65118-d41d-4d1a-9802-566a022fff66}</UniqueIdentifier>
    </Filter>
    <Filter Include="Header Files\ecs">
      <UniqueIdentifier>{92850677-d1d5-497e-b8ff-3494d83afb91}</UniqueIdentifier>
    </Filter>
  </ItemGroup>
  <ItemGroup>
    <ClCompile Include="vendor\include\glad\glad.c">
      <Filter>Source Files</Filter>
    </ClCompile>
    <ClCompile Include="src\stb_image.cpp">
      <Filter>Source Files</Filter>
    </ClCompile>
    <ClCompile Include="src\renderer\types\IndexBuffer.cpp">
      <Filter>Source Files</Filter>
    </ClCompile>
    <ClCompile Include="src\renderer\types\Shader.cpp">
      <Filter>Source Files</Filter>
    </ClCompile>
    <ClCompile Include="src\renderer\types\Texture2D.cpp">
      <Filter>Source Files</Filter>
    </ClCompile>
    <ClCompile Include="src\renderer\types\VertexArray.cpp">
      <Filter>Source Files</Filter>
    </ClCompile>
    <ClCompile Include="src\renderer\types\VertexBuffer.cpp">
      <Filter>Source Files</Filter>
    </ClCompile>
    <ClCompile Include="src\renderer\Camera.cpp">
      <Filter>Source Files</Filter>
    </ClCompile>
    <ClCompile Include="src\renderer\types\CubeMap.cpp">
      <Filter>Source Files</Filter>
    </ClCompile>
    <ClCompile Include="src\renderer\Mesh.cpp">
      <Filter>Source Files</Filter>
    </ClCompile>
    <ClCompile Include="src\renderer\Model.cpp">
      <Filter>Source Files</Filter>
    </ClCompile>
    <ClCompile Include="src\renderer\Window.cpp">
      <Filter>Source Files</Filter>
    </ClCompile>
    <ClCompile Include="src\main.cpp">
      <Filter>Source Files</Filter>
    </ClCompile>
    <ClCompile Include="src\core\IEntity.cpp">
      <Filter>Source Files</Filter>
    </ClCompile>
    <ClCompile Include="src\core\IComponent.cpp">
      <Filter>Source Files</Filter>
    </ClCompile>
    <ClCompile Include="src\game\PlayerController.cpp">
      <Filter>Source Files</Filter>
    </ClCompile>
    <ClCompile Include="src\game\CameraController.cpp">
      <Filter>Source Files</Filter>
    </ClCompile>
    <ClCompile Include="src\renderer\math\Vec3.cpp">
      <Filter>Source Files</Filter>
    </ClCompile>
    <ClCompile Include="src\renderer\math\Vec4.cpp">
      <Filter>Source Files</Filter>
    </ClCompile>
    <ClCompile Include="src\renderer\math\Frustum.cpp">
      <Filter>Source Files</Filter>
    </ClCompile>
    <ClCompile Include="src\renderer\physx\Plane.cpp">
      <Filter>Source Files</Filter>
    </ClCompile>
    <ClCompile Include="src\renderer\physx\AABB.cpp">
      <Filter>Source Files</Filter>
    </ClCompile>
    <ClCompile Include="src\renderer\physx\BoundingSphere.cpp">
      <Filter>Source Files</Filter>
    </ClCompile>
    <ClCompile Include="src\renderer\math\Quaternion.cpp">
      <Filter>Source Files</Filter>
    </ClCompile>
    <ClCompile Include="src\renderer\math\Matrix.cpp">
      <Filter>Source Files</Filter>
    </ClCompile>
    <ClCompile Include="src\renderer\physx\Ray.cpp">
      <Filter>Source Files</Filter>
    </ClCompile>
    <ClCompile Include="src\renderer\math\Vec2.cpp">
      <Filter>Source Files</Filter>
    </ClCompile>
    <ClCompile Include="src\systems\InputManager.cpp">
      <Filter>Source Files</Filter>
    </ClCompile>
    <ClCompile Include="src\systems\TimeManager.cpp">
      <Filter>Source Files</Filter>
    </ClCompile>
    <ClCompile Include="src\game\entities\lights\PointLight.cpp">
      <Filter>Source Files</Filter>
    </ClCompile>
    <ClCompile Include="src\game\Scene.cpp">
      <Filter>Source Files</Filter>
    </ClCompile>
    <ClCompile Include="src\renderer\Transform.cpp">
      <Filter>Source Files</Filter>
    </ClCompile>
    <ClCompile Include="src\renderer\types\UniformBuffer.cpp">
      <Filter>Source Files</Filter>
    </ClCompile>
    <ClCompile Include="src\renderer\debug\Line.cpp">
      <Filter>Source Files</Filter>
    </ClCompile>
    <ClCompile Include="src\renderer\debug\DebugRenderer.cpp">
      <Filter>Source Files</Filter>
    </ClCompile>
    <ClCompile Include="src\renderer\debug\Color.cpp">
      <Filter>Source Files</Filter>
    </ClCompile>
  </ItemGroup>
  <ItemGroup>
    <None Include="res\shaders\standard.fs">
      <Filter>Resource Files\shaders</Filter>
    </None>
    <None Include="res\shaders\standard.vs">
      <Filter>Resource Files\shaders</Filter>
    </None>
    <None Include="res\shaders\floorgrid.fs">
      <Filter>Resource Files\shaders</Filter>
    </None>
    <None Include="res\shaders\floorgrid.vs">
      <Filter>Resource Files\shaders</Filter>
    </None>
    <None Include="res\shaders\skybox.fs">
      <Filter>Resource Files\shaders</Filter>
    </None>
    <None Include="res\shaders\skybox.vs">
      <Filter>Resource Files\shaders</Filter>
    </None>
    <None Include="res\shaders\lightsource.fs">
      <Filter>Resource Files\shaders</Filter>
    </None>
    <None Include="res\shaders\lightsource.vs">
      <Filter>Resource Files\shaders</Filter>
    </None>
    <None Include="res\shaders\basic.fs">
      <Filter>Resource Files\shaders</Filter>
    </None>
    <None Include="res\shaders\basic.vs">
      <Filter>Resource Files\shaders</Filter>
    </None>
    <None Include="vendor\include\Assimp\color4.inl">
      <Filter>Header Files</Filter>
    </None>
    <None Include="vendor\include\Assimp\material.inl">
      <Filter>Header Files</Filter>
    </None>
    <None Include="vendor\include\Assimp\matrix3x3.inl">
      <Filter>Header Files</Filter>
    </None>
    <None Include="vendor\include\Assimp\matrix4x4.inl">
      <Filter>Header Files</Filter>
    </None>
    <None Include="vendor\include\Assimp\quaternion.inl">
      <Filter>Header Files</Filter>
    </None>
    <None Include="vendor\include\Assimp\SmoothingGroups.inl">
      <Filter>Header Files</Filter>
    </None>
    <None Include="vendor\include\Assimp\vector2.inl">
      <Filter>Header Files</Filter>
    </None>
    <None Include="vendor\include\Assimp\vector3.inl">
      <Filter>Header Files</Filter>
    </None>
    <None Include="include\renderer\math\Vec3.inl">
      <Filter>Header Files</Filter>
    </None>
    <None Include="include\renderer\math\Vec4.inl">
      <Filter>Header Files</Filter>
    </None>
    <None Include="include\renderer\physx\Plane.inl">
      <Filter>Header Files</Filter>
    </None>
    <None Include="include\renderer\physx\AABB.inl">
      <Filter>Header Files</Filter>
    </None>
    <None Include="include\renderer\physx\BoundingSphere.inl">
      <Filter>Header Files</Filter>
    </None>
    <None Include="include\renderer\math\Quaternion.inl">
      <Filter>Header Files</Filter>
    </None>
    <None Include="include\renderer\math\Matrix.inl">
      <Filter>Header Files</Filter>
    </None>
    <None Include="include\renderer\physx\Ray.inl">
      <Filter>Header Files</Filter>
    </None>
    <None Include="include\renderer\math\Math.inl">
      <Filter>Header Files</Filter>
    </None>
    <None Include="include\renderer\math\Vec2.inl">
      <Filter>Header Files</Filter>
    </None>
    <None Include="vendor\libs\assimp-vc143-mtd.pdb" />
    <None Include="vendor\libs\glfw3.pdb" />
    <None Include="res\shaders\pointlight.fs" />
    <None Include="res\shaders\pointlight.vs" />
    <None Include="res\shaders\spotlight.fs" />
    <None Include="res\shaders\spotlight.vs" />
  </ItemGroup>
  <ItemGroup>
    <Image Include="ressources\textures\test\awesomeface.png">
      <Filter>Resource Files\textures</Filter>
    </Image>
    <Image Include="ressources\textures\test\bronze_diff.png">
      <Filter>Resource Files\textures</Filter>
    </Image>
    <Image Include="ressources\textures\test\graffiti.bmp">
      <Filter>Resource Files\textures</Filter>
    </Image>
    <Image Include="res\textures\skybox\back.png">
      <Filter>Resource Files\textures</Filter>
    </Image>
    <Image Include="res\textures\skybox\bottom.png">
      <Filter>Resource Files\textures</Filter>
    </Image>
    <Image Include="res\textures\skybox\front.png">
      <Filter>Resource Files\textures</Filter>
    </Image>
    <Image Include="res\textures\skybox\left.png">
      <Filter>Resource Files\textures</Filter>
    </Image>
    <Image Include="res\textures\skybox\right.png">
      <Filter>Resource Files\textures</Filter>
    </Image>
    <Image Include="res\textures\skybox\top.png">
      <Filter>Resource Files\textures</Filter>
    </Image>
  </ItemGroup>
  <ItemGroup>
    <ClInclude Include="include\core\IComponent.h">
      <Filter>Header Files</Filter>
    </ClInclude>
    <ClInclude Include="include\game\Player.h">
      <Filter>Header Files</Filter>
    </ClInclude>
    <ClInclude Include="include\core\Keycodes.h">
      <Filter>Header Files</Filter>
    </ClInclude>
    <ClInclude Include="include\renderer\types\IndexBuffer.h">
      <Filter>Header Files</Filter>
    </ClInclude>
    <ClInclude Include="include\renderer\types\Shader.h">
      <Filter>Header Files</Filter>
    </ClInclude>
    <ClInclude Include="include\renderer\types\Texture2D.h">
      <Filter>Header Files</Filter>
    </ClInclude>
    <ClInclude Include="include\renderer\types\VertexArray.h">
      <Filter>Header Files</Filter>
    </ClInclude>
    <ClInclude Include="include\renderer\types\VertexBuffer.h">
      <Filter>Header Files</Filter>
    </ClInclude>
    <ClInclude Include="include\renderer\types\VertexBufferLayout.h">
      <Filter>Header Files</Filter>
    </ClInclude>
    <ClInclude Include="include\renderer\types\CubeMap.h">
      <Filter>Header Files</Filter>
    </ClInclude>
    <ClInclude Include="include\renderer\Mesh.h">
      <Filter>Header Files</Filter>
    </ClInclude>
    <ClInclude Include="include\renderer\Model.h">
      <Filter>Header Files</Filter>
    </ClInclude>
    <ClInclude Include="include\renderer\Window.h">
      <Filter>Header Files</Filter>
    </ClInclude>
    <ClInclude Include="vendor\include\Assimp\Compiler\poppack1.h">
      <Filter>Header Files</Filter>
    </ClInclude>
    <ClInclude Include="vendor\include\Assimp\Compiler\pstdint.h">
      <Filter>Header Files</Filter>
    </ClInclude>
    <ClInclude Include="vendor\include\Assimp\Compiler\pushpack1.h">
      <Filter>Header Files</Filter>
    </ClInclude>
    <ClInclude Include="vendor\include\Assimp\port\AndroidJNI\AndroidJNIIOSystem.h">
      <Filter>Header Files</Filter>
    </ClInclude>
    <ClInclude Include="vendor\include\Assimp\port\AndroidJNI\BundledAssetIOSystem.h">
      <Filter>Header Files</Filter>
    </ClInclude>
    <ClInclude Include="vendor\include\Assimp\aabb.h">
      <Filter>Header Files</Filter>
    </ClInclude>
    <ClInclude Include="vendor\include\Assimp\ai_assert.h">
      <Filter>Header Files</Filter>
    </ClInclude>
    <ClInclude Include="vendor\include\Assimp\anim.h">
      <Filter>Header Files</Filter>
    </ClInclude>
    <ClInclude Include="vendor\include\Assimp\AssertHandler.h">
      <Filter>Header Files</Filter>
    </ClInclude>
    <ClInclude Include="vendor\include\Assimp\Base64.hpp">
      <Filter>Header Files</Filter>
    </ClInclude>
    <ClInclude Include="vendor\include\Assimp\BaseImporter.h">
      <Filter>Header Files</Filter>
    </ClInclude>
    <ClInclude Include="vendor\include\Assimp\Bitmap.h">
      <Filter>Header Files</Filter>
    </ClInclude>
    <ClInclude Include="vendor\include\Assimp\BlobIOSystem.h">
      <Filter>Header Files</Filter>
    </ClInclude>
    <ClInclude Include="vendor\include\Assimp\ByteSwapper.h">
      <Filter>Header Files</Filter>
    </ClInclude>
    <ClInclude Include="vendor\include\Assimp\camera.h">
      <Filter>Header Files</Filter>
    </ClInclude>
    <ClInclude Include="vendor\include\Assimp\cexport.h">
      <Filter>Header Files</Filter>
    </ClInclude>
    <ClInclude Include="vendor\include\Assimp\cfileio.h">
      <Filter>Header Files</Filter>
    </ClInclude>
    <ClInclude Include="vendor\include\Assimp\cimport.h">
      <Filter>Header Files</Filter>
    </ClInclude>
    <ClInclude Include="vendor\include\Assimp\ColladaMetaData.h">
      <Filter>Header Files</Filter>
    </ClInclude>
    <ClInclude Include="vendor\include\Assimp\color4.h">
      <Filter>Header Files</Filter>
    </ClInclude>
    <ClInclude Include="vendor\include\Assimp\commonMetaData.h">
      <Filter>Header Files</Filter>
    </ClInclude>
    <ClInclude Include="vendor\include\Assimp\config.h">
      <Filter>Header Files</Filter>
    </ClInclude>
    <ClInclude Include="vendor\include\Assimp\CreateAnimMesh.h">
      <Filter>Header Files</Filter>
    </ClInclude>
    <ClInclude Include="vendor\include\Assimp\DefaultIOStream.h">
      <Filter>Header Files</Filter>
    </ClInclude>
    <ClInclude Include="vendor\include\Assimp\DefaultIOSystem.h">
      <Filter>Header Files</Filter>
    </ClInclude>
    <ClInclude Include="vendor\include\Assimp\DefaultLogger.hpp">
      <Filter>Header Files</Filter>
    </ClInclude>
    <ClInclude Include="vendor\include\Assimp\defs.h">
      <Filter>Header Files</Filter>
    </ClInclude>
    <ClInclude Include="vendor\include\Assimp\Exceptional.h">
      <Filter>Header Files</Filter>
    </ClInclude>
    <ClInclude Include="vendor\include\Assimp\Exporter.hpp">
      <Filter>Header Files</Filter>
    </ClInclude>
    <ClInclude Include="vendor\include\Assimp\fast_atof.h">
      <Filter>Header Files</Filter>
    </ClInclude>
    <ClInclude Include="vendor\include\Assimp\GenericProperty.h">
      <Filter>Header Files</Filter>
    </ClInclude>
    <ClInclude Include="vendor\include\Assimp\GltfMaterial.h">
      <Filter>Header Files</Filter>
    </ClInclude>
    <ClInclude Include="vendor\include\Assimp\Hash.h">
      <Filter>Header Files</Filter>
    </ClInclude>
    <ClInclude Include="vendor\include\Assimp\Importer.hpp">
      <Filter>Header Files</Filter>
    </ClInclude>
    <ClInclude Include="vendor\include\Assimp\importerdesc.h">
      <Filter>Header Files</Filter>
    </ClInclude>
    <ClInclude Include="vendor\include\Assimp\IOStream.hpp">
      <Filter>Header Files</Filter>
    </ClInclude>
    <ClInclude Include="vendor\include\Assimp\IOStreamBuffer.h">
      <Filter>Header Files</Filter>
    </ClInclude>
    <ClInclude Include="vendor\include\Assimp\IOSystem.hpp">
      <Filter>Header Files</Filter>
    </ClInclude>
    <ClInclude Include="vendor\include\Assimp\light.h">
      <Filter>Header Files</Filter>
    </ClInclude>
    <ClInclude Include="vendor\include\Assimp\LineSplitter.h">
      <Filter>Header Files</Filter>
    </ClInclude>
    <ClInclude Include="vendor\include\Assimp\LogAux.h">
      <Filter>Header Files</Filter>
    </ClInclude>
    <ClInclude Include="vendor\include\Assimp\Logger.hpp">
      <Filter>Header Files</Filter>
    </ClInclude>
    <ClInclude Include="vendor\include\Assimp\LogStream.hpp">
      <Filter>Header Files</Filter>
    </ClInclude>
    <ClInclude Include="vendor\include\Assimp\material.h">
      <Filter>Header Files</Filter>
    </ClInclude>
    <ClInclude Include="vendor\include\Assimp\MathFunctions.h">
      <Filter>Header Files</Filter>
    </ClInclude>
    <ClInclude Include="vendor\include\Assimp\matrix3x3.h">
      <Filter>Header Files</Filter>
    </ClInclude>
    <ClInclude Include="vendor\include\Assimp\matrix4x4.h">
      <Filter>Header Files</Filter>
    </ClInclude>
    <ClInclude Include="vendor\include\Assimp\MemoryIOWrapper.h">
      <Filter>Header Files</Filter>
    </ClInclude>
    <ClInclude Include="vendor\include\Assimp\mesh.h">
      <Filter>Header Files</Filter>
    </ClInclude>
    <ClInclude Include="vendor\include\Assimp\metadata.h">
      <Filter>Header Files</Filter>
    </ClInclude>
    <ClInclude Include="vendor\include\Assimp\NullLogger.hpp">
      <Filter>Header Files</Filter>
    </ClInclude>
    <ClInclude Include="vendor\include\Assimp\ObjMaterial.h">
      <Filter>Header Files</Filter>
    </ClInclude>
    <ClInclude Include="vendor\include\Assimp\ParsingUtils.h">
      <Filter>Header Files</Filter>
    </ClInclude>
    <ClInclude Include="vendor\include\Assimp\pbrmaterial.h">
      <Filter>Header Files</Filter>
    </ClInclude>
    <ClInclude Include="vendor\include\Assimp\postprocess.h">
      <Filter>Header Files</Filter>
    </ClInclude>
    <ClInclude Include="vendor\include\Assimp\Profiler.h">
      <Filter>Header Files</Filter>
    </ClInclude>
    <ClInclude Include="vendor\include\Assimp\ProgressHandler.hpp">
      <Filter>Header Files</Filter>
    </ClInclude>
    <ClInclude Include="vendor\include\Assimp\qnan.h">
      <Filter>Header Files</Filter>
    </ClInclude>
    <ClInclude Include="vendor\include\Assimp\quaternion.h">
      <Filter>Header Files</Filter>
    </ClInclude>
    <ClInclude Include="vendor\include\Assimp\RemoveComments.h">
      <Filter>Header Files</Filter>
    </ClInclude>
    <ClInclude Include="vendor\include\Assimp\revision.h">
      <Filter>Header Files</Filter>
    </ClInclude>
    <ClInclude Include="vendor\include\Assimp\scene.h">
      <Filter>Header Files</Filter>
    </ClInclude>
    <ClInclude Include="vendor\include\Assimp\SceneCombiner.h">
      <Filter>Header Files</Filter>
    </ClInclude>
    <ClInclude Include="vendor\include\Assimp\SGSpatialSort.h">
      <Filter>Header Files</Filter>
    </ClInclude>
    <ClInclude Include="vendor\include\Assimp\SkeletonMeshBuilder.h">
      <Filter>Header Files</Filter>
    </ClInclude>
    <ClInclude Include="vendor\include\Assimp\SmallVector.h">
      <Filter>Header Files</Filter>
    </ClInclude>
    <ClInclude Include="vendor\include\Assimp\SmoothingGroups.h">
      <Filter>Header Files</Filter>
    </ClInclude>
    <ClInclude Include="vendor\include\Assimp\SpatialSort.h">
      <Filter>Header Files</Filter>
    </ClInclude>
    <ClInclude Include="vendor\include\Assimp\StandardShapes.h">
      <Filter>Header Files</Filter>
    </ClInclude>
    <ClInclude Include="vendor\include\Assimp\StreamReader.h">
      <Filter>Header Files</Filter>
    </ClInclude>
    <ClInclude Include="vendor\include\Assimp\StreamWriter.h">
      <Filter>Header Files</Filter>
    </ClInclude>
    <ClInclude Include="vendor\include\Assimp\StringComparison.h">
      <Filter>Header Files</Filter>
    </ClInclude>
    <ClInclude Include="vendor\include\Assimp\StringUtils.h">
      <Filter>Header Files</Filter>
    </ClInclude>
    <ClInclude Include="vendor\include\Assimp\Subdivision.h">
      <Filter>Header Files</Filter>
    </ClInclude>
    <ClInclude Include="vendor\include\Assimp\texture.h">
      <Filter>Header Files</Filter>
    </ClInclude>
    <ClInclude Include="vendor\include\Assimp\TinyFormatter.h">
      <Filter>Header Files</Filter>
    </ClInclude>
    <ClInclude Include="vendor\include\Assimp\types.h">
      <Filter>Header Files</Filter>
    </ClInclude>
    <ClInclude Include="vendor\include\Assimp\vector2.h">
      <Filter>Header Files</Filter>
    </ClInclude>
    <ClInclude Include="vendor\include\Assimp\vector3.h">
      <Filter>Header Files</Filter>
    </ClInclude>
    <ClInclude Include="vendor\include\Assimp\version.h">
      <Filter>Header Files</Filter>
    </ClInclude>
    <ClInclude Include="vendor\include\Assimp\Vertex.h">
      <Filter>Header Files</Filter>
    </ClInclude>
    <ClInclude Include="vendor\include\Assimp\XmlParser.h">
      <Filter>Header Files</Filter>
    </ClInclude>
    <ClInclude Include="vendor\include\Assimp\XMLTools.h">
      <Filter>Header Files</Filter>
    </ClInclude>
    <ClInclude Include="vendor\include\Assimp\ZipArchiveIOSystem.h">
      <Filter>Header Files</Filter>
    </ClInclude>
    <ClInclude Include="vendor\include\glad\glad.h">
      <Filter>Header Files</Filter>
    </ClInclude>
    <ClInclude Include="vendor\include\GLFW\glfw3.h">
      <Filter>Header Files</Filter>
    </ClInclude>
    <ClInclude Include="vendor\include\GLFW\glfw3native.h">
      <Filter>Header Files</Filter>
    </ClInclude>
    <ClInclude Include="vendor\include\KHR\khrplatform.h">
      <Filter>Header Files</Filter>
    </ClInclude>
    <ClInclude Include="include\stb_image.h">
      <Filter>Header Files</Filter>
    </ClInclude>
    <ClInclude Include="include\renderer\Camera.h">
      <Filter>Header Files</Filter>
    </ClInclude>
    <ClInclude Include="include\renderer\Transform.h">
      <Filter>Header Files</Filter>
    </ClInclude>
    <ClInclude Include="include\renderer\Camera.h">
      <Filter>Header Files</Filter>
    </ClInclude>
    <ClInclude Include="include\core\IEntity.h">
      <Filter>Header Files</Filter>
    </ClInclude>
    <ClInclude Include="include\core\ISystem.h">
      <Filter>Header Files</Filter>
    </ClInclude>
    <ClInclude Include="include\systems\InputManager.h">
      <Filter>Header Files</Filter>
    </ClInclude>
    <ClInclude Include="include\core\IController.h">
      <Filter>Header Files</Filter>
    </ClInclude>
    <ClInclude Include="include\renderer\physx\AABB.h">
      <Filter>Header Files</Filter>
    </ClInclude>
    <ClInclude Include="include\renderer\physx\Velocity.h">
      <Filter>Header Files</Filter>
    </ClInclude>
    <ClInclude Include="include\game\PlayerController.h">
      <Filter>Header Files</Filter>
    </ClInclude>
    <ClInclude Include="include\renderer\CameraController.h">
      <Filter>Header Files</Filter>
    </ClInclude>
    <ClInclude Include="include\renderer\physx\BoundingSphere.h">
      <Filter>Header Files</Filter>
    </ClInclude>
    <ClInclude Include="include\renderer\math\Vec3.h">
      <Filter>Header Files</Filter>
    </ClInclude>
    <ClInclude Include="include\renderer\math\Vec4.h">
      <Filter>Header Files</Filter>
    </ClInclude>
    <ClInclude Include="include\core\pch.h">
      <Filter>Header Files</Filter>
    </ClInclude>
    <ClInclude Include="include\renderer\math\Math.h">
      <Filter>Header Files</Filter>
    </ClInclude>
    <ClInclude Include="include\renderer\math\Matrix.h">
      <Filter>Header Files</Filter>
    </ClInclude>
    <ClInclude Include="include\renderer\math\Frustum.h">
      <Filter>Header Files</Filter>
    </ClInclude>
    <ClInclude Include="include\renderer\physx\Ray.h">
      <Filter>Header Files</Filter>
    </ClInclude>
    <ClInclude Include="include\renderer\physx\Plane.h">
      <Filter>Header Files</Filter>
    </ClInclude>
    <ClInclude Include="include\renderer\math\Quaternion.h">
      <Filter>Header Files</Filter>
    </ClInclude>
    <ClInclude Include="include\renderer\math\Vec2.h">
      <Filter>Header Files</Filter>
    </ClInclude>
    <ClInclude Include="include\core\ICamera.h">
      <Filter>Header Files</Filter>
    </ClInclude>
    <ClInclude Include="include\systems\TimeManager.h">
      <Filter>Header Files</Filter>
    </ClInclude>
    <ClInclude Include="include\game\entities\lights\ILightEntity.h">
      <Filter>Header Files</Filter>
    </ClInclude>
    <ClInclude Include="include\game\entities\lights\PointLight.h">
      <Filter>Header Files</Filter>
    </ClInclude>
    <ClInclude Include="include\game\entities\lights\DirectionalLight.h">
      <Filter>Header Files</Filter>
    </ClInclude>
    <ClInclude Include="include\game\Scene.h">
      <Filter>Header Files</Filter>
    </ClInclude>
    <ClInclude Include="include\systems\ResourceManager.h">
      <Filter>Header Files</Filter>
    </ClInclude>
    <ClInclude Include="include\core\ITexture.h">
      <Filter>Header Files</Filter>
    </ClInclude>
    <ClInclude Include="include\systems\DataLoader.h">
      <Filter>Header Files</Filter>
    </ClInclude>
    <ClInclude Include="include\renderer\types\Resource.h">
      <Filter>Header Files</Filter>
    </ClInclude>
    <ClInclude Include="include\systems\SystemManager.h">
      <Filter>Header Files</Filter>
    </ClInclude>
    <ClInclude Include="include\renderer\types\UniformBuffer.h">
      <Filter>Header Files</Filter>
    </ClInclude>
    <ClInclude Include="include\game\entities\lights\SpotLight.h">
      <Filter>Header Files</Filter>
    </ClInclude>
    <ClInclude Include="res\shaders\debugLine.vs">
      <Filter>Header Files</Filter>
    </ClInclude>
    <ClInclude Include="res\shaders\debugLine.fs">
      <Filter>Header Files</Filter>
    </ClInclude>
    <ClInclude Include="include\renderer\debug\Color.h">
      <Filter>Header Files</Filter>
    </ClInclude>
    <ClInclude Include="include\renderer\debug\DebugRenderer.h">
      <Filter>Header Files</Filter>
    </ClInclude>
    <ClInclude Include="include\renderer\debug\Line.h">
      <Filter>Header Files</Filter>
    </ClInclude>
  </ItemGroup>
  <ItemGroup>
    <Library Include="vendor\libs\assimp-vc143-mtd.lib" />
    <Library Include="vendor\libs\glfw3.lib" />
  </ItemGroup>
</Project>